
Microsoft Visual Studio Solution File, Format Version 12.00
# Visual Studio Version 16
VisualStudioVersion = 16.0.29905.134
MinimumVisualStudioVersion = 10.0.40219.1
Project("{FAE04EC0-301F-11D3-BF4B-00C04F79EFBC}") = "43-Multi-threading (async e await)", "43-Multi-threading (async e await)\43-Multi-threading (async e await).csproj", "{B4F38854-D6B5-400D-8644-DC71BA08225C}"
EndProject
Global
	GlobalSection(SolutionConfigurationPlatforms) = preSolution
		Debug|Any CPU = Debug|Any CPU
		Release|Any CPU = Release|Any CPU
	EndGlobalSection
	GlobalSection(ProjectConfigurationPlatforms) = postSolution
		{B4F38854-D6B5-400D-8644-DC71BA08225C}.Debug|Any CPU.ActiveCfg = Debug|Any CPU
		{B4F38854-D6B5-400D-8644-DC71BA08225C}.Debug|Any CPU.Build.0 = Debug|Any CPU
		{B4F38854-D6B5-400D-8644-DC71BA08225C}.Release|Any CPU.ActiveCfg = Release|Any CPU
		{B4F38854-D6B5-400D-8644-DC71BA08225C}.Release|Any CPU.Build.0 = Release|Any CPU
	EndGlobalSection
	GlobalSection(SolutionProperties) = preSolution
		HideSolutionNode = FALSE
	EndGlobalSection
	GlobalSection(ExtensibilityGlobals) = postSolution
		SolutionGuid = {78B06A47-FA63-4B3C-BD59-C16BF943BC43}
	EndGlobalSection
EndGlobal
