
Microsoft Visual Studio Solution File, Format Version 12.00
# Visual Studio Version 16
VisualStudioVersion = 16.0.29905.134
MinimumVisualStudioVersion = 10.0.40219.1
Project("{FAE04EC0-301F-11D3-BF4B-00C04F79EFBC}") = "59-Programação Funcional", "59-Programação Funcional\59-Programação Funcional.csproj", "{571C5B9E-E656-4B21-A0FE-AD261F8C748C}"
EndProject
Global
	GlobalSection(SolutionConfigurationPlatforms) = preSolution
		Debug|Any CPU = Debug|Any CPU
		Release|Any CPU = Release|Any CPU
	EndGlobalSection
	GlobalSection(ProjectConfigurationPlatforms) = postSolution
		{571C5B9E-E656-4B21-A0FE-AD261F8C748C}.Debug|Any CPU.ActiveCfg = Debug|Any CPU
		{571C5B9E-E656-4B21-A0FE-AD261F8C748C}.Debug|Any CPU.Build.0 = Debug|Any CPU
		{571C5B9E-E656-4B21-A0FE-AD261F8C748C}.Release|Any CPU.ActiveCfg = Release|Any CPU
		{571C5B9E-E656-4B21-A0FE-AD261F8C748C}.Release|Any CPU.Build.0 = Release|Any CPU
	EndGlobalSection
	GlobalSection(SolutionProperties) = preSolution
		HideSolutionNode = FALSE
	EndGlobalSection
	GlobalSection(ExtensibilityGlobals) = postSolution
		SolutionGuid = {FAE65506-DD8A-4A23-88B4-6342271FD3A5}
	EndGlobalSection
EndGlobal
