
Microsoft Visual Studio Solution File, Format Version 12.00
# Visual Studio Version 16
VisualStudioVersion = 16.0.30011.22
MinimumVisualStudioVersion = 10.0.40219.1
Project("{FAE04EC0-301F-11D3-BF4B-00C04F79EFBC}") = "72-Interfaces", "72-Interfaces\72-Interfaces.csproj", "{2ABF5FAC-D3D5-46DD-9BAA-F305852FD9DB}"
EndProject
Global
	GlobalSection(SolutionConfigurationPlatforms) = preSolution
		Debug|Any CPU = Debug|Any CPU
		Release|Any CPU = Release|Any CPU
	EndGlobalSection
	GlobalSection(ProjectConfigurationPlatforms) = postSolution
		{2ABF5FAC-D3D5-46DD-9BAA-F305852FD9DB}.Debug|Any CPU.ActiveCfg = Debug|Any CPU
		{2ABF5FAC-D3D5-46DD-9BAA-F305852FD9DB}.Debug|Any CPU.Build.0 = Debug|Any CPU
		{2ABF5FAC-D3D5-46DD-9BAA-F305852FD9DB}.Release|Any CPU.ActiveCfg = Release|Any CPU
		{2ABF5FAC-D3D5-46DD-9BAA-F305852FD9DB}.Release|Any CPU.Build.0 = Release|Any CPU
	EndGlobalSection
	GlobalSection(SolutionProperties) = preSolution
		HideSolutionNode = FALSE
	EndGlobalSection
	GlobalSection(ExtensibilityGlobals) = postSolution
		SolutionGuid = {D3E428BE-D09F-400F-845F-5B4C976B617E}
	EndGlobalSection
EndGlobal
