
Microsoft Visual Studio Solution File, Format Version 12.00
# Visual Studio Version 16
VisualStudioVersion = 16.0.29905.134
MinimumVisualStudioVersion = 10.0.40219.1
Project("{FAE04EC0-301F-11D3-BF4B-00C04F79EFBC}") = "55-Multithread", "55-Multithread\55-Multithread.csproj", "{D985ED20-942D-454B-A30C-A05E39C6E52B}"
EndProject
Global
	GlobalSection(SolutionConfigurationPlatforms) = preSolution
		Debug|Any CPU = Debug|Any CPU
		Release|Any CPU = Release|Any CPU
	EndGlobalSection
	GlobalSection(ProjectConfigurationPlatforms) = postSolution
		{D985ED20-942D-454B-A30C-A05E39C6E52B}.Debug|Any CPU.ActiveCfg = Debug|Any CPU
		{D985ED20-942D-454B-A30C-A05E39C6E52B}.Debug|Any CPU.Build.0 = Debug|Any CPU
		{D985ED20-942D-454B-A30C-A05E39C6E52B}.Release|Any CPU.ActiveCfg = Release|Any CPU
		{D985ED20-942D-454B-A30C-A05E39C6E52B}.Release|Any CPU.Build.0 = Release|Any CPU
	EndGlobalSection
	GlobalSection(SolutionProperties) = preSolution
		HideSolutionNode = FALSE
	EndGlobalSection
	GlobalSection(ExtensibilityGlobals) = postSolution
		SolutionGuid = {23B68C58-68B2-4324-816E-8C5CD77A0A22}
	EndGlobalSection
EndGlobal
