
Microsoft Visual Studio Solution File, Format Version 12.00
# Visual Studio Version 16
VisualStudioVersion = 16.0.30011.22
MinimumVisualStudioVersion = 10.0.40219.1
Project("{FAE04EC0-301F-11D3-BF4B-00C04F79EFBC}") = "65-Ponteiros", "65-Ponteiros\65-Ponteiros.csproj", "{2C038119-EAED-44CB-8B65-88088A8521DD}"
EndProject
Global
	GlobalSection(SolutionConfigurationPlatforms) = preSolution
		Debug|Any CPU = Debug|Any CPU
		Release|Any CPU = Release|Any CPU
	EndGlobalSection
	GlobalSection(ProjectConfigurationPlatforms) = postSolution
		{2C038119-EAED-44CB-8B65-88088A8521DD}.Debug|Any CPU.ActiveCfg = Debug|Any CPU
		{2C038119-EAED-44CB-8B65-88088A8521DD}.Debug|Any CPU.Build.0 = Debug|Any CPU
		{2C038119-EAED-44CB-8B65-88088A8521DD}.Release|Any CPU.ActiveCfg = Release|Any CPU
		{2C038119-EAED-44CB-8B65-88088A8521DD}.Release|Any CPU.Build.0 = Release|Any CPU
	EndGlobalSection
	GlobalSection(SolutionProperties) = preSolution
		HideSolutionNode = FALSE
	EndGlobalSection
	GlobalSection(ExtensibilityGlobals) = postSolution
		SolutionGuid = {F592B4F2-E285-4F48-A407-BA7FF3CEC0FE}
	EndGlobalSection
EndGlobal
