
Microsoft Visual Studio Solution File, Format Version 12.00
# Visual Studio Version 16
VisualStudioVersion = 16.0.29609.76
MinimumVisualStudioVersion = 10.0.40219.1
Project("{FAE04EC0-301F-11D3-BF4B-00C04F79EFBC}") = "24-Enviar email", "24-Enviar email\24-Enviar email.csproj", "{2BD28BB8-79DC-4093-81C7-F262F699C653}"
EndProject
Global
	GlobalSection(SolutionConfigurationPlatforms) = preSolution
		Debug|Any CPU = Debug|Any CPU
		Release|Any CPU = Release|Any CPU
	EndGlobalSection
	GlobalSection(ProjectConfigurationPlatforms) = postSolution
		{2BD28BB8-79DC-4093-81C7-F262F699C653}.Debug|Any CPU.ActiveCfg = Debug|Any CPU
		{2BD28BB8-79DC-4093-81C7-F262F699C653}.Debug|Any CPU.Build.0 = Debug|Any CPU
		{2BD28BB8-79DC-4093-81C7-F262F699C653}.Release|Any CPU.ActiveCfg = Release|Any CPU
		{2BD28BB8-79DC-4093-81C7-F262F699C653}.Release|Any CPU.Build.0 = Release|Any CPU
	EndGlobalSection
	GlobalSection(SolutionProperties) = preSolution
		HideSolutionNode = FALSE
	EndGlobalSection
	GlobalSection(ExtensibilityGlobals) = postSolution
		SolutionGuid = {90571368-C6D1-41AE-B5E6-F684989835FE}
	EndGlobalSection
EndGlobal
