
Microsoft Visual Studio Solution File, Format Version 12.00
# Visual Studio Version 16
VisualStudioVersion = 16.0.29905.134
MinimumVisualStudioVersion = 10.0.40219.1
Project("{FAE04EC0-301F-11D3-BF4B-00C04F79EFBC}") = "47-Functions", "47-Functions\47-Functions.csproj", "{9BCF9F3D-B210-44AC-BC66-27708E291B31}"
EndProject
Global
	GlobalSection(SolutionConfigurationPlatforms) = preSolution
		Debug|Any CPU = Debug|Any CPU
		Release|Any CPU = Release|Any CPU
	EndGlobalSection
	GlobalSection(ProjectConfigurationPlatforms) = postSolution
		{9BCF9F3D-B210-44AC-BC66-27708E291B31}.Debug|Any CPU.ActiveCfg = Debug|Any CPU
		{9BCF9F3D-B210-44AC-BC66-27708E291B31}.Debug|Any CPU.Build.0 = Debug|Any CPU
		{9BCF9F3D-B210-44AC-BC66-27708E291B31}.Release|Any CPU.ActiveCfg = Release|Any CPU
		{9BCF9F3D-B210-44AC-BC66-27708E291B31}.Release|Any CPU.Build.0 = Release|Any CPU
	EndGlobalSection
	GlobalSection(SolutionProperties) = preSolution
		HideSolutionNode = FALSE
	EndGlobalSection
	GlobalSection(ExtensibilityGlobals) = postSolution
		SolutionGuid = {41D08196-198F-4C80-854E-C98F84DE1151}
	EndGlobalSection
EndGlobal
