
Microsoft Visual Studio Solution File, Format Version 12.00
# Visual Studio Version 16
VisualStudioVersion = 16.0.29609.76
MinimumVisualStudioVersion = 10.0.40219.1
Project("{FAE04EC0-301F-11D3-BF4B-00C04F79EFBC}") = "18-Manipulação de zip", "18-Manipulação de zip\18-Manipulação de zip.csproj", "{9F9F062D-EA41-4259-B1CA-556224584317}"
EndProject
Global
	GlobalSection(SolutionConfigurationPlatforms) = preSolution
		Debug|Any CPU = Debug|Any CPU
		Release|Any CPU = Release|Any CPU
	EndGlobalSection
	GlobalSection(ProjectConfigurationPlatforms) = postSolution
		{9F9F062D-EA41-4259-B1CA-556224584317}.Debug|Any CPU.ActiveCfg = Debug|Any CPU
		{9F9F062D-EA41-4259-B1CA-556224584317}.Debug|Any CPU.Build.0 = Debug|Any CPU
		{9F9F062D-EA41-4259-B1CA-556224584317}.Release|Any CPU.ActiveCfg = Release|Any CPU
		{9F9F062D-EA41-4259-B1CA-556224584317}.Release|Any CPU.Build.0 = Release|Any CPU
	EndGlobalSection
	GlobalSection(SolutionProperties) = preSolution
		HideSolutionNode = FALSE
	EndGlobalSection
	GlobalSection(ExtensibilityGlobals) = postSolution
		SolutionGuid = {CE9BD321-CF64-458F-8ACF-5B868FD67F9F}
	EndGlobalSection
EndGlobal
