
Microsoft Visual Studio Solution File, Format Version 12.00
# Visual Studio Version 16
VisualStudioVersion = 16.0.29905.134
MinimumVisualStudioVersion = 10.0.40219.1
Project("{FAE04EC0-301F-11D3-BF4B-00C04F79EFBC}") = "50-Permissão para jogar", "50-Permissão para jogar\50-Permissão para jogar.csproj", "{AAE0C920-8976-499D-8D48-ECF2F1276191}"
EndProject
Global
	GlobalSection(SolutionConfigurationPlatforms) = preSolution
		Debug|Any CPU = Debug|Any CPU
		Release|Any CPU = Release|Any CPU
	EndGlobalSection
	GlobalSection(ProjectConfigurationPlatforms) = postSolution
		{AAE0C920-8976-499D-8D48-ECF2F1276191}.Debug|Any CPU.ActiveCfg = Debug|Any CPU
		{AAE0C920-8976-499D-8D48-ECF2F1276191}.Debug|Any CPU.Build.0 = Debug|Any CPU
		{AAE0C920-8976-499D-8D48-ECF2F1276191}.Release|Any CPU.ActiveCfg = Release|Any CPU
		{AAE0C920-8976-499D-8D48-ECF2F1276191}.Release|Any CPU.Build.0 = Release|Any CPU
	EndGlobalSection
	GlobalSection(SolutionProperties) = preSolution
		HideSolutionNode = FALSE
	EndGlobalSection
	GlobalSection(ExtensibilityGlobals) = postSolution
		SolutionGuid = {F6E6B0E1-1EC7-4354-96D8-87F6A30C3381}
	EndGlobalSection
EndGlobal
