
Microsoft Visual Studio Solution File, Format Version 12.00
# Visual Studio Version 16
VisualStudioVersion = 16.0.29609.76
MinimumVisualStudioVersion = 10.0.40219.1
Project("{FAE04EC0-301F-11D3-BF4B-00C04F79EFBC}") = "25-Consultar CEP", "25-Consultar CEP\25-Consultar CEP.csproj", "{55407128-90F4-4C62-BE72-076FA5C5E42C}"
EndProject
Global
	GlobalSection(SolutionConfigurationPlatforms) = preSolution
		Debug|Any CPU = Debug|Any CPU
		Release|Any CPU = Release|Any CPU
	EndGlobalSection
	GlobalSection(ProjectConfigurationPlatforms) = postSolution
		{55407128-90F4-4C62-BE72-076FA5C5E42C}.Debug|Any CPU.ActiveCfg = Debug|Any CPU
		{55407128-90F4-4C62-BE72-076FA5C5E42C}.Debug|Any CPU.Build.0 = Debug|Any CPU
		{55407128-90F4-4C62-BE72-076FA5C5E42C}.Release|Any CPU.ActiveCfg = Release|Any CPU
		{55407128-90F4-4C62-BE72-076FA5C5E42C}.Release|Any CPU.Build.0 = Release|Any CPU
	EndGlobalSection
	GlobalSection(SolutionProperties) = preSolution
		HideSolutionNode = FALSE
	EndGlobalSection
	GlobalSection(ExtensibilityGlobals) = postSolution
		SolutionGuid = {EB1E5599-BCA6-4CDA-880D-69DC75C07291}
	EndGlobalSection
EndGlobal
