
Microsoft Visual Studio Solution File, Format Version 12.00
# Visual Studio Version 16
VisualStudioVersion = 16.0.29609.76
MinimumVisualStudioVersion = 10.0.40219.1
Project("{FAE04EC0-301F-11D3-BF4B-00C04F79EFBC}") = "27-Enviar Email", "27-Enviar Email\27-Enviar Email.csproj", "{FD1D6B9D-57C0-4266-8F8C-08A8A2AA7A23}"
EndProject
Global
	GlobalSection(SolutionConfigurationPlatforms) = preSolution
		Debug|Any CPU = Debug|Any CPU
		Release|Any CPU = Release|Any CPU
	EndGlobalSection
	GlobalSection(ProjectConfigurationPlatforms) = postSolution
		{FD1D6B9D-57C0-4266-8F8C-08A8A2AA7A23}.Debug|Any CPU.ActiveCfg = Debug|Any CPU
		{FD1D6B9D-57C0-4266-8F8C-08A8A2AA7A23}.Debug|Any CPU.Build.0 = Debug|Any CPU
		{FD1D6B9D-57C0-4266-8F8C-08A8A2AA7A23}.Release|Any CPU.ActiveCfg = Release|Any CPU
		{FD1D6B9D-57C0-4266-8F8C-08A8A2AA7A23}.Release|Any CPU.Build.0 = Release|Any CPU
	EndGlobalSection
	GlobalSection(SolutionProperties) = preSolution
		HideSolutionNode = FALSE
	EndGlobalSection
	GlobalSection(ExtensibilityGlobals) = postSolution
		SolutionGuid = {E766AF5C-6CC2-44DA-969D-99197CC66628}
	EndGlobalSection
EndGlobal
