
Microsoft Visual Studio Solution File, Format Version 12.00
# Visual Studio Version 16
VisualStudioVersion = 16.0.29905.134
MinimumVisualStudioVersion = 10.0.40219.1
Project("{FAE04EC0-301F-11D3-BF4B-00C04F79EFBC}") = "53-News App", "53-News App\53-News App.csproj", "{A840FBCB-B37D-4F3A-9EB1-0491C80F55FA}"
EndProject
Global
	GlobalSection(SolutionConfigurationPlatforms) = preSolution
		Debug|Any CPU = Debug|Any CPU
		Release|Any CPU = Release|Any CPU
	EndGlobalSection
	GlobalSection(ProjectConfigurationPlatforms) = postSolution
		{A840FBCB-B37D-4F3A-9EB1-0491C80F55FA}.Debug|Any CPU.ActiveCfg = Debug|Any CPU
		{A840FBCB-B37D-4F3A-9EB1-0491C80F55FA}.Debug|Any CPU.Build.0 = Debug|Any CPU
		{A840FBCB-B37D-4F3A-9EB1-0491C80F55FA}.Release|Any CPU.ActiveCfg = Release|Any CPU
		{A840FBCB-B37D-4F3A-9EB1-0491C80F55FA}.Release|Any CPU.Build.0 = Release|Any CPU
	EndGlobalSection
	GlobalSection(SolutionProperties) = preSolution
		HideSolutionNode = FALSE
	EndGlobalSection
	GlobalSection(ExtensibilityGlobals) = postSolution
		SolutionGuid = {688246A2-8850-4E88-BD9F-E64866923BA6}
	EndGlobalSection
EndGlobal
