
Microsoft Visual Studio Solution File, Format Version 12.00
# Visual Studio Version 16
VisualStudioVersion = 16.0.30011.22
MinimumVisualStudioVersion = 10.0.40219.1
Project("{FAE04EC0-301F-11D3-BF4B-00C04F79EFBC}") = "64-StringBuilder", "64-StringBuilder\64-StringBuilder.csproj", "{606B3BFD-538B-4D24-A670-CEE649100249}"
EndProject
Global
	GlobalSection(SolutionConfigurationPlatforms) = preSolution
		Debug|Any CPU = Debug|Any CPU
		Release|Any CPU = Release|Any CPU
	EndGlobalSection
	GlobalSection(ProjectConfigurationPlatforms) = postSolution
		{606B3BFD-538B-4D24-A670-CEE649100249}.Debug|Any CPU.ActiveCfg = Debug|Any CPU
		{606B3BFD-538B-4D24-A670-CEE649100249}.Debug|Any CPU.Build.0 = Debug|Any CPU
		{606B3BFD-538B-4D24-A670-CEE649100249}.Release|Any CPU.ActiveCfg = Release|Any CPU
		{606B3BFD-538B-4D24-A670-CEE649100249}.Release|Any CPU.Build.0 = Release|Any CPU
	EndGlobalSection
	GlobalSection(SolutionProperties) = preSolution
		HideSolutionNode = FALSE
	EndGlobalSection
	GlobalSection(ExtensibilityGlobals) = postSolution
		SolutionGuid = {E4761EB7-CE95-4E63-8423-16D98CBCE1AF}
	EndGlobalSection
EndGlobal
